
Microsoft Visual Studio Solution File, Format Version 12.00
# Visual Studio 15
VisualStudioVersion = 15.0.27703.2035
MinimumVisualStudioVersion = 10.0.40219.1
Project("{FAE04EC0-301F-11D3-BF4B-00C04F79EFBC}") = "DieCastMemes", "DieCastMemes\DieCastMemes.csproj", "{D974792F-A516-4863-BCC5-E8D3AC4E9838}"
EndProject
Global
	GlobalSection(SolutionConfigurationPlatforms) = preSolution
		Debug|Any CPU = Debug|Any CPU
		Release|Any CPU = Release|Any CPU
	EndGlobalSection
	GlobalSection(ProjectConfigurationPlatforms) = postSolution
		{D974792F-A516-4863-BCC5-E8D3AC4E9838}.Debug|Any CPU.ActiveCfg = Debug|Any CPU
		{D974792F-A516-4863-BCC5-E8D3AC4E9838}.Debug|Any CPU.Build.0 = Debug|Any CPU
		{D974792F-A516-4863-BCC5-E8D3AC4E9838}.Release|Any CPU.ActiveCfg = Release|Any CPU
		{D974792F-A516-4863-BCC5-E8D3AC4E9838}.Release|Any CPU.Build.0 = Release|Any CPU
	EndGlobalSection
	GlobalSection(SolutionProperties) = preSolution
		HideSolutionNode = FALSE
	EndGlobalSection
	GlobalSection(ExtensibilityGlobals) = postSolution
		SolutionGuid = {87E16311-B434-47DF-9B1D-B964D0F17B41}
	EndGlobalSection
EndGlobal
